
Microsoft Visual Studio Solution File, Format Version 12.00
# Visual Studio Version 16
VisualStudioVersion = 16.0.29613.14
MinimumVisualStudioVersion = 10.0.40219.1
Project("{8BC9CEB8-8B4A-11D0-8D11-00A0C91BC942}") = "CIS200Lab9Part3", "CIS200Lab9Part3.vcxproj", "{81BF6ED1-0042-44D5-B007-4CF38C5C5B8F}"
EndProject
Global
	GlobalSection(SolutionConfigurationPlatforms) = preSolution
		Debug|x64 = Debug|x64
		Debug|x86 = Debug|x86
		Release|x64 = Release|x64
		Release|x86 = Release|x86
	EndGlobalSection
	GlobalSection(ProjectConfigurationPlatforms) = postSolution
		{81BF6ED1-0042-44D5-B007-4CF38C5C5B8F}.Debug|x64.ActiveCfg = Debug|x64
		{81BF6ED1-0042-44D5-B007-4CF38C5C5B8F}.Debug|x64.Build.0 = Debug|x64
		{81BF6ED1-0042-44D5-B007-4CF38C5C5B8F}.Debug|x86.ActiveCfg = Debug|Win32
		{81BF6ED1-0042-44D5-B007-4CF38C5C5B8F}.Debug|x86.Build.0 = Debug|Win32
		{81BF6ED1-0042-44D5-B007-4CF38C5C5B8F}.Release|x64.ActiveCfg = Release|x64
		{81BF6ED1-0042-44D5-B007-4CF38C5C5B8F}.Release|x64.Build.0 = Release|x64
		{81BF6ED1-0042-44D5-B007-4CF38C5C5B8F}.Release|x86.ActiveCfg = Release|Win32
		{81BF6ED1-0042-44D5-B007-4CF38C5C5B8F}.Release|x86.Build.0 = Release|Win32
	EndGlobalSection
	GlobalSection(SolutionProperties) = preSolution
		HideSolutionNode = FALSE
	EndGlobalSection
	GlobalSection(ExtensibilityGlobals) = postSolution
		SolutionGuid = {62920DEA-2FEE-4CBA-8985-8597F2AEF551}
	EndGlobalSection
EndGlobal
